// !$*UTF8*$!
{
	archiveVersion = 1;
	classes = {
	};
	objectVersion = 46;
	objects = {

/* Begin PBXBuildFile section */
		831FDF091BA9DF2F006BFD76 /* ECDSA.swift in Sources */ = {isa = PBXBuildFile; fileRef = 831FDF081BA9DF2F006BFD76 /* ECDSA.swift */; };
		83B3D4531BB4614800725DC4 /* SecKeyOperations.mm in Sources */ = {isa = PBXBuildFile; fileRef = 83B3D4521BB4614800725DC4 /* SecKeyOperations.mm */; settings = {ASSET_TAGS = (); }; };
		83D09DA01BB9BCC300D3D5D2 /* BaseConverter.swift in Sources */ = {isa = PBXBuildFile; fileRef = 83D09D9D1BB9BCC300D3D5D2 /* BaseConverter.swift */; settings = {ASSET_TAGS = (); }; };
		83D09DA11BB9BCC300D3D5D2 /* RIPEMD.swift in Sources */ = {isa = PBXBuildFile; fileRef = 83D09D9E1BB9BCC300D3D5D2 /* RIPEMD.swift */; settings = {ASSET_TAGS = (); }; };
		83D09DA21BB9BCC300D3D5D2 /* SHA256.swift in Sources */ = {isa = PBXBuildFile; fileRef = 83D09D9F1BB9BCC300D3D5D2 /* SHA256.swift */; settings = {ASSET_TAGS = (); }; };
		83E120011B9D73B30073D3C8 /* AppDelegate.swift in Sources */ = {isa = PBXBuildFile; fileRef = 83E120001B9D73B30073D3C8 /* AppDelegate.swift */; };
		83E120031B9D73B30073D3C8 /* ViewController.swift in Sources */ = {isa = PBXBuildFile; fileRef = 83E120021B9D73B30073D3C8 /* ViewController.swift */; };
		83E120061B9D73B30073D3C8 /* Main.storyboard in Resources */ = {isa = PBXBuildFile; fileRef = 83E120041B9D73B30073D3C8 /* Main.storyboard */; };
		83E120081B9D73B30073D3C8 /* Assets.xcassets in Resources */ = {isa = PBXBuildFile; fileRef = 83E120071B9D73B30073D3C8 /* Assets.xcassets */; };
		83E1200B1B9D73B30073D3C8 /* LaunchScreen.storyboard in Resources */ = {isa = PBXBuildFile; fileRef = 83E120091B9D73B30073D3C8 /* LaunchScreen.storyboard */; };
		F0BF04BF1BBA735400576E35 /* RIPEMD+Block.swift in Sources */ = {isa = PBXBuildFile; fileRef = F0BF04BE1BBA735400576E35 /* RIPEMD+Block.swift */; settings = {ASSET_TAGS = (); }; };
		F0BF04C11BBA73F500576E35 /* UInt32+CircularShift.swift in Sources */ = {isa = PBXBuildFile; fileRef = F0BF04C01BBA73F500576E35 /* UInt32+CircularShift.swift */; settings = {ASSET_TAGS = (); }; };
/* End PBXBuildFile section */

/* Begin PBXFileReference section */
		831FDF081BA9DF2F006BFD76 /* ECDSA.swift */ = {isa = PBXFileReference; fileEncoding = 4; lastKnownFileType = sourcecode.swift; path = ECDSA.swift; sourceTree = "<group>"; };
		831FDF0A1BA9E077006BFD76 /* ObjcBridge.h */ = {isa = PBXFileReference; lastKnownFileType = sourcecode.c.h; path = ObjcBridge.h; sourceTree = "<group>"; };
		83B3D4511BB4614800725DC4 /* SecKeyOperations.h */ = {isa = PBXFileReference; fileEncoding = 4; lastKnownFileType = sourcecode.c.h; path = SecKeyOperations.h; sourceTree = "<group>"; };
		83B3D4521BB4614800725DC4 /* SecKeyOperations.mm */ = {isa = PBXFileReference; fileEncoding = 4; lastKnownFileType = sourcecode.cpp.objcpp; path = SecKeyOperations.mm; sourceTree = "<group>"; };
		83D09D9D1BB9BCC300D3D5D2 /* BaseConverter.swift */ = {isa = PBXFileReference; fileEncoding = 4; lastKnownFileType = sourcecode.swift; path = BaseConverter.swift; sourceTree = "<group>"; };
		83D09D9E1BB9BCC300D3D5D2 /* RIPEMD.swift */ = {isa = PBXFileReference; fileEncoding = 4; lastKnownFileType = sourcecode.swift; path = RIPEMD.swift; sourceTree = "<group>"; };
		83D09D9F1BB9BCC300D3D5D2 /* SHA256.swift */ = {isa = PBXFileReference; fileEncoding = 4; lastKnownFileType = sourcecode.swift; path = SHA256.swift; sourceTree = "<group>"; };
		83E11FFD1B9D73B30073D3C8 /* KeySafe.app */ = {isa = PBXFileReference; explicitFileType = wrapper.application; includeInIndex = 0; path = KeySafe.app; sourceTree = BUILT_PRODUCTS_DIR; };
		83E120001B9D73B30073D3C8 /* AppDelegate.swift */ = {isa = PBXFileReference; lastKnownFileType = sourcecode.swift; path = AppDelegate.swift; sourceTree = "<group>"; };
		83E120021B9D73B30073D3C8 /* ViewController.swift */ = {isa = PBXFileReference; lastKnownFileType = sourcecode.swift; path = ViewController.swift; sourceTree = "<group>"; };
		83E120051B9D73B30073D3C8 /* Base */ = {isa = PBXFileReference; lastKnownFileType = file.storyboard; name = Base; path = Base.lproj/Main.storyboard; sourceTree = "<group>"; };
		83E120071B9D73B30073D3C8 /* Assets.xcassets */ = {isa = PBXFileReference; lastKnownFileType = folder.assetcatalog; path = Assets.xcassets; sourceTree = "<group>"; };
		83E1200A1B9D73B30073D3C8 /* Base */ = {isa = PBXFileReference; lastKnownFileType = file.storyboard; name = Base; path = Base.lproj/LaunchScreen.storyboard; sourceTree = "<group>"; };
		83E1200C1B9D73B30073D3C8 /* Info.plist */ = {isa = PBXFileReference; lastKnownFileType = text.plist.xml; path = Info.plist; sourceTree = "<group>"; };
		F0BF04BE1BBA735400576E35 /* RIPEMD+Block.swift */ = {isa = PBXFileReference; fileEncoding = 4; lastKnownFileType = sourcecode.swift; path = "RIPEMD+Block.swift"; sourceTree = "<group>"; };
		F0BF04C01BBA73F500576E35 /* UInt32+CircularShift.swift */ = {isa = PBXFileReference; fileEncoding = 4; lastKnownFileType = sourcecode.swift; path = "UInt32+CircularShift.swift"; sourceTree = "<group>"; };
/* End PBXFileReference section */

/* Begin PBXFrameworksBuildPhase section */
		83E11FFA1B9D73B30073D3C8 /* Frameworks */ = {
			isa = PBXFrameworksBuildPhase;
			buildActionMask = 2147483647;
			files = (
			);
			runOnlyForDeploymentPostprocessing = 0;
		};
/* End PBXFrameworksBuildPhase section */

/* Begin PBXGroup section */
		83E11FF41B9D73B30073D3C8 = {
			isa = PBXGroup;
			children = (
				83E11FFF1B9D73B30073D3C8 /* KeySafe */,
				83E11FFE1B9D73B30073D3C8 /* Products */,
			);
			sourceTree = "<group>";
		};
		83E11FFE1B9D73B30073D3C8 /* Products */ = {
			isa = PBXGroup;
			children = (
				83E11FFD1B9D73B30073D3C8 /* KeySafe.app */,
			);
			name = Products;
			sourceTree = "<group>";
		};
		83E11FFF1B9D73B30073D3C8 /* KeySafe */ = {
			isa = PBXGroup;
			children = (
				F0BF04C01BBA73F500576E35 /* UInt32+CircularShift.swift */,
				F0BF04BE1BBA735400576E35 /* RIPEMD+Block.swift */,
				83D09D9D1BB9BCC300D3D5D2 /* BaseConverter.swift */,
				83D09D9E1BB9BCC300D3D5D2 /* RIPEMD.swift */,
				83D09D9F1BB9BCC300D3D5D2 /* SHA256.swift */,
				831FDF081BA9DF2F006BFD76 /* ECDSA.swift */,
				83E120001B9D73B30073D3C8 /* AppDelegate.swift */,
				83E120021B9D73B30073D3C8 /* ViewController.swift */,
				83E120041B9D73B30073D3C8 /* Main.storyboard */,
				83E120071B9D73B30073D3C8 /* Assets.xcassets */,
				83E120091B9D73B30073D3C8 /* LaunchScreen.storyboard */,
				83E1200C1B9D73B30073D3C8 /* Info.plist */,
				831FDF0A1BA9E077006BFD76 /* ObjcBridge.h */,
				83B3D4511BB4614800725DC4 /* SecKeyOperations.h */,
				83B3D4521BB4614800725DC4 /* SecKeyOperations.mm */,
			);
			path = KeySafe;
			sourceTree = "<group>";
		};
/* End PBXGroup section */

/* Begin PBXNativeTarget section */
		83E11FFC1B9D73B30073D3C8 /* KeySafe */ = {
			isa = PBXNativeTarget;
			buildConfigurationList = 83E1200F1B9D73B30073D3C8 /* Build configuration list for PBXNativeTarget "KeySafe" */;
			buildPhases = (
				83E11FF91B9D73B30073D3C8 /* Sources */,
				83E11FFA1B9D73B30073D3C8 /* Frameworks */,
				83E11FFB1B9D73B30073D3C8 /* Resources */,
			);
			buildRules = (
			);
			dependencies = (
			);
			name = KeySafe;
			productName = KeySafe;
			productReference = 83E11FFD1B9D73B30073D3C8 /* KeySafe.app */;
			productType = "com.apple.product-type.application";
		};
/* End PBXNativeTarget section */

/* Begin PBXProject section */
		83E11FF51B9D73B30073D3C8 /* Project object */ = {
			isa = PBXProject;
			attributes = {
				LastSwiftUpdateCheck = 0710;
				LastUpgradeCheck = 0700;
				ORGANIZATIONNAME = "Cristian Sandu";
				TargetAttributes = {
					83E11FFC1B9D73B30073D3C8 = {
						CreatedOnToolsVersion = 7.0;
						DevelopmentTeam = CZUG5T5JQ6;
					};
				};
			};
			buildConfigurationList = 83E11FF81B9D73B30073D3C8 /* Build configuration list for PBXProject "KeySafe" */;
			compatibilityVersion = "Xcode 3.2";
			developmentRegion = English;
			hasScannedForEncodings = 0;
			knownRegions = (
				en,
				Base,
			);
			mainGroup = 83E11FF41B9D73B30073D3C8;
			productRefGroup = 83E11FFE1B9D73B30073D3C8 /* Products */;
			projectDirPath = "";
			projectRoot = "";
			targets = (
				83E11FFC1B9D73B30073D3C8 /* KeySafe */,
			);
		};
/* End PBXProject section */

/* Begin PBXResourcesBuildPhase section */
		83E11FFB1B9D73B30073D3C8 /* Resources */ = {
			isa = PBXResourcesBuildPhase;
			buildActionMask = 2147483647;
			files = (
				83E1200B1B9D73B30073D3C8 /* LaunchScreen.storyboard in Resources */,
				83E120081B9D73B30073D3C8 /* Assets.xcassets in Resources */,
				83E120061B9D73B30073D3C8 /* Main.storyboard in Resources */,
			);
			runOnlyForDeploymentPostprocessing = 0;
		};
/* End PBXResourcesBuildPhase section */

/* Begin PBXSourcesBuildPhase section */
		83E11FF91B9D73B30073D3C8 /* Sources */ = {
			isa = PBXSourcesBuildPhase;
			buildActionMask = 2147483647;
			files = (
				83D09DA11BB9BCC300D3D5D2 /* RIPEMD.swift in Sources */,
				83D09DA21BB9BCC300D3D5D2 /* SHA256.swift in Sources */,
				83E120031B9D73B30073D3C8 /* ViewController.swift in Sources */,
				83B3D4531BB4614800725DC4 /* SecKeyOperations.mm in Sources */,
				F0BF04C11BBA73F500576E35 /* UInt32+CircularShift.swift in Sources */,
				F0BF04BF1BBA735400576E35 /* RIPEMD+Block.swift in Sources */,
				831FDF091BA9DF2F006BFD76 /* ECDSA.swift in Sources */,
				83E120011B9D73B30073D3C8 /* AppDelegate.swift in Sources */,
				83D09DA01BB9BCC300D3D5D2 /* BaseConverter.swift in Sources */,
			);
			runOnlyForDeploymentPostprocessing = 0;
		};
/* End PBXSourcesBuildPhase section */

/* Begin PBXVariantGroup section */
		83E120041B9D73B30073D3C8 /* Main.storyboard */ = {
			isa = PBXVariantGroup;
			children = (
				83E120051B9D73B30073D3C8 /* Base */,
			);
			name = Main.storyboard;
			sourceTree = "<group>";
		};
		83E120091B9D73B30073D3C8 /* LaunchScreen.storyboard */ = {
			isa = PBXVariantGroup;
			children = (
				83E1200A1B9D73B30073D3C8 /* Base */,
			);
			name = LaunchScreen.storyboard;
			sourceTree = "<group>";
		};
/* End PBXVariantGroup section */

/* Begin XCBuildConfiguration section */
		83E1200D1B9D73B30073D3C8 /* Debug */ = {
			isa = XCBuildConfiguration;
			buildSettings = {
				ALWAYS_SEARCH_USER_PATHS = NO;
				CLANG_CXX_LANGUAGE_STANDARD = "gnu++0x";
				CLANG_CXX_LIBRARY = "libc++";
				CLANG_ENABLE_MODULES = YES;
				CLANG_ENABLE_OBJC_ARC = YES;
				CLANG_WARN_BOOL_CONVERSION = YES;
				CLANG_WARN_CONSTANT_CONVERSION = YES;
				CLANG_WARN_DIRECT_OBJC_ISA_USAGE = YES_ERROR;
				CLANG_WARN_EMPTY_BODY = YES;
				CLANG_WARN_ENUM_CONVERSION = YES;
				CLANG_WARN_INT_CONVERSION = YES;
				CLANG_WARN_OBJC_ROOT_CLASS = YES_ERROR;
				CLANG_WARN_UNREACHABLE_CODE = YES;
				CLANG_WARN__DUPLICATE_METHOD_MATCH = YES;
				"CODE_SIGN_IDENTITY[sdk=iphoneos*]" = "iPhone Developer";
				COPY_PHASE_STRIP = NO;
				DEBUG_INFORMATION_FORMAT = dwarf;
				ENABLE_STRICT_OBJC_MSGSEND = YES;
				ENABLE_TESTABILITY = YES;
				GCC_C_LANGUAGE_STANDARD = gnu99;
				GCC_DYNAMIC_NO_PIC = NO;
				GCC_NO_COMMON_BLOCKS = YES;
				GCC_OPTIMIZATION_LEVEL = 0;
				GCC_PREPROCESSOR_DEFINITIONS = (
					"DEBUG=1",
					"$(inherited)",
				);
				GCC_WARN_64_TO_32_BIT_CONVERSION = YES;
				GCC_WARN_ABOUT_RETURN_TYPE = YES_ERROR;
				GCC_WARN_UNDECLARED_SELECTOR = YES;
				GCC_WARN_UNINITIALIZED_AUTOS = YES_AGGRESSIVE;
				GCC_WARN_UNUSED_FUNCTION = YES;
				GCC_WARN_UNUSED_VARIABLE = YES;
				IPHONEOS_DEPLOYMENT_TARGET = 9.0;
				MTL_ENABLE_DEBUG_INFO = YES;
				ONLY_ACTIVE_ARCH = YES;
				SDKROOT = iphoneos;
				SWIFT_OPTIMIZATION_LEVEL = "-Onone";
				TARGETED_DEVICE_FAMILY = "1,2";
			};
			name = Debug;
		};
		83E1200E1B9D73B30073D3C8 /* Release */ = {
			isa = XCBuildConfiguration;
			buildSettings = {
				ALWAYS_SEARCH_USER_PATHS = NO;
				CLANG_CXX_LANGUAGE_STANDARD = "gnu++0x";
				CLANG_CXX_LIBRARY = "libc++";
				CLANG_ENABLE_MODULES = YES;
				CLANG_ENABLE_OBJC_ARC = YES;
				CLANG_WARN_BOOL_CONVERSION = YES;
				CLANG_WARN_CONSTANT_CONVERSION = YES;
				CLANG_WARN_DIRECT_OBJC_ISA_USAGE = YES_ERROR;
				CLANG_WARN_EMPTY_BODY = YES;
				CLANG_WARN_ENUM_CONVERSION = YES;
				CLANG_WARN_INT_CONVERSION = YES;
				CLANG_WARN_OBJC_ROOT_CLASS = YES_ERROR;
				CLANG_WARN_UNREACHABLE_CODE = YES;
				CLANG_WARN__DUPLICATE_METHOD_MATCH = YES;
				"CODE_SIGN_IDENTITY[sdk=iphoneos*]" = "iPhone Developer";
				COPY_PHASE_STRIP = NO;
				DEBUG_INFORMATION_FORMAT = "dwarf-with-dsym";
				ENABLE_NS_ASSERTIONS = NO;
				ENABLE_STRICT_OBJC_MSGSEND = YES;
				GCC_C_LANGUAGE_STANDARD = gnu99;
				GCC_NO_COMMON_BLOCKS = YES;
				GCC_WARN_64_TO_32_BIT_CONVERSION = YES;
				GCC_WARN_ABOUT_RETURN_TYPE = YES_ERROR;
				GCC_WARN_UNDECLARED_SELECTOR = YES;
				GCC_WARN_UNINITIALIZED_AUTOS = YES_AGGRESSIVE;
				GCC_WARN_UNUSED_FUNCTION = YES;
				GCC_WARN_UNUSED_VARIABLE = YES;
				IPHONEOS_DEPLOYMENT_TARGET = 9.0;
				MTL_ENABLE_DEBUG_INFO = NO;
				SDKROOT = iphoneos;
				TARGETED_DEVICE_FAMILY = "1,2";
				VALIDATE_PRODUCT = YES;
			};
			name = Release;
		};
		83E120101B9D73B30073D3C8 /* Debug */ = {
			isa = XCBuildConfiguration;
			buildSettings = {
				ASSETCATALOG_COMPILER_APPICON_NAME = AppIcon;
				CODE_SIGN_IDENTITY = "iPhone Developer";
				"CODE_SIGN_IDENTITY[sdk=iphoneos*]" = "iPhone Developer";
				INFOPLIST_FILE = KeySafe/Info.plist;
				LD_RUNPATH_SEARCH_PATHS = "$(inherited) @executable_path/Frameworks";
				PRODUCT_BUNDLE_IDENTIFIER = ro.cristiansandu.KeySafe;
				PRODUCT_NAME = "$(TARGET_NAME)";
				PROVISIONING_PROFILE = "";
				SWIFT_OBJC_BRIDGING_HEADER = Keysafe/ObjcBridge.h;
			};
			name = Debug;
		};
		83E120111B9D73B30073D3C8 /* Release */ = {
			isa = XCBuildConfiguration;
			buildSettings = {
				ASSETCATALOG_COMPILER_APPICON_NAME = AppIcon;
				CODE_SIGN_IDENTITY = "iPhone Developer";
				"CODE_SIGN_IDENTITY[sdk=iphoneos*]" = "iPhone Developer";
				INFOPLIST_FILE = KeySafe/Info.plist;
				LD_RUNPATH_SEARCH_PATHS = "$(inherited) @executable_path/Frameworks";
				PRODUCT_BUNDLE_IDENTIFIER = ro.cristiansandu.KeySafe;
				PRODUCT_NAME = "$(TARGET_NAME)";
				PROVISIONING_PROFILE = "";
				SWIFT_OBJC_BRIDGING_HEADER = Keysafe/ObjcBridge.h;
			};
			name = Release;
		};
/* End XCBuildConfiguration section */

/* Begin XCConfigurationList section */
		83E11FF81B9D73B30073D3C8 /* Build configuration list for PBXProject "KeySafe" */ = {
			isa = XCConfigurationList;
			buildConfigurations = (
				83E1200D1B9D73B30073D3C8 /* Debug */,
				83E1200E1B9D73B30073D3C8 /* Release */,
			);
			defaultConfigurationIsVisible = 0;
			defaultConfigurationName = Release;
		};
		83E1200F1B9D73B30073D3C8 /* Build configuration list for PBXNativeTarget "KeySafe" */ = {
			isa = XCConfigurationList;
			buildConfigurations = (
				83E120101B9D73B30073D3C8 /* Debug */,
				83E120111B9D73B30073D3C8 /* Release */,
			);
			defaultConfigurationIsVisible = 0;
			defaultConfigurationName = Release;
		};
/* End XCConfigurationList section */
	};
	rootObject = 83E11FF51B9D73B30073D3C8 /* Project object */;
}
